
Microsoft Visual Studio Solution File, Format Version 12.00
# Visual Studio Version 17
VisualStudioVersion = 17.0.31903.59
MinimumVisualStudioVersion = 10.0.40219.1
Project("{2150E333-8FDC-42A3-9474-1A3956D46DE8}") = "src", "src", "{827E0CD3-B72D-47B6-A68D-7590B98EB39B}"
EndProject
Project("{FAE04EC0-301F-11D3-BF4B-00C04F79EFBC}") = "Snake.Domain", "src\Snake.Domain\Snake.Domain.csproj", "{73841B15-975C-46ED-8341-47D122DAC32C}"
EndProject
Project("{FAE04EC0-301F-11D3-BF4B-00C04F79EFBC}") = "Snake.Application", "src\Snake.Application\Snake.Application.csproj", "{B3FFACF3-B833-4075-9472-08DF529640A6}"
EndProject
Project("{FAE04EC0-301F-11D3-BF4B-00C04F79EFBC}") = "Snake.Persistence", "src\Snake.Persistence\Snake.Persistence.csproj", "{48B628E8-1149-406F-B4D5-59320A7341C7}"
EndProject
Project("{FAE04EC0-301F-11D3-BF4B-00C04F79EFBC}") = "Snake.API", "src\Snake.API\Snake.API.csproj", "{7BB3D16D-4676-4FB2-8082-82A6DFA28BE9}"
EndProject
Project("{FAE04EC0-301F-11D3-BF4B-00C04F79EFBC}") = "Snake.Web", "src\Snake.Web\Snake.Web.csproj", "{7C951C95-A3F1-4725-9FEC-07051B430AEE}"
EndProject
Project("{2150E333-8FDC-42A3-9474-1A3956D46DE8}") = "tests", "tests", "{0AB3BF05-4346-4AA6-1389-037BE0695223}"
EndProject
Project("{FAE04EC0-301F-11D3-BF4B-00C04F79EFBC}") = "Snake.UnitTests", "tests\Snake.UnitTests\Snake.UnitTests.csproj", "{833519B0-2AAD-47AB-BE8C-A71E4257878E}"
EndProject
Project("{FAE04EC0-301F-11D3-BF4B-00C04F79EFBC}") = "Snake.IntegrationTests", "tests\Snake.IntegrationTests\Snake.IntegrationTests.csproj", "{52260419-008D-449F-90C0-BD6880F4BFAF}"
EndProject
Project("{FAE04EC0-301F-11D3-BF4B-00C04F79EFBC}") = "Snake.FunctionalTests", "tests\Snake.FunctionalTests\Snake.FunctionalTests.csproj", "{62CE1163-0DC1-4402-9CC0-D7E698DB95BB}"
EndProject
Global
	GlobalSection(SolutionConfigurationPlatforms) = preSolution
		Debug|Any CPU = Debug|Any CPU
		Debug|x64 = Debug|x64
		Debug|x86 = Debug|x86
		Release|Any CPU = Release|Any CPU
		Release|x64 = Release|x64
		Release|x86 = Release|x86
	EndGlobalSection
	GlobalSection(ProjectConfigurationPlatforms) = postSolution
		{73841B15-975C-46ED-8341-47D122DAC32C}.Debug|Any CPU.ActiveCfg = Debug|Any CPU
		{73841B15-975C-46ED-8341-47D122DAC32C}.Debug|Any CPU.Build.0 = Debug|Any CPU
		{73841B15-975C-46ED-8341-47D122DAC32C}.Debug|x64.ActiveCfg = Debug|Any CPU
		{73841B15-975C-46ED-8341-47D122DAC32C}.Debug|x64.Build.0 = Debug|Any CPU
		{73841B15-975C-46ED-8341-47D122DAC32C}.Debug|x86.ActiveCfg = Debug|Any CPU
		{73841B15-975C-46ED-8341-47D122DAC32C}.Debug|x86.Build.0 = Debug|Any CPU
		{73841B15-975C-46ED-8341-47D122DAC32C}.Release|Any CPU.ActiveCfg = Release|Any CPU
		{73841B15-975C-46ED-8341-47D122DAC32C}.Release|Any CPU.Build.0 = Release|Any CPU
		{73841B15-975C-46ED-8341-47D122DAC32C}.Release|x64.ActiveCfg = Release|Any CPU
		{73841B15-975C-46ED-8341-47D122DAC32C}.Release|x64.Build.0 = Release|Any CPU
		{73841B15-975C-46ED-8341-47D122DAC32C}.Release|x86.ActiveCfg = Release|Any CPU
		{73841B15-975C-46ED-8341-47D122DAC32C}.Release|x86.Build.0 = Release|Any CPU
		{B3FFACF3-B833-4075-9472-08DF529640A6}.Debug|Any CPU.ActiveCfg = Debug|Any CPU
		{B3FFACF3-B833-4075-9472-08DF529640A6}.Debug|Any CPU.Build.0 = Debug|Any CPU
		{B3FFACF3-B833-4075-9472-08DF529640A6}.Debug|x64.ActiveCfg = Debug|Any CPU
		{B3FFACF3-B833-4075-9472-08DF529640A6}.Debug|x64.Build.0 = Debug|Any CPU
		{B3FFACF3-B833-4075-9472-08DF529640A6}.Debug|x86.ActiveCfg = Debug|Any CPU
		{B3FFACF3-B833-4075-9472-08DF529640A6}.Debug|x86.Build.0 = Debug|Any CPU
		{B3FFACF3-B833-4075-9472-08DF529640A6}.Release|Any CPU.ActiveCfg = Release|Any CPU
		{B3FFACF3-B833-4075-9472-08DF529640A6}.Release|Any CPU.Build.0 = Release|Any CPU
		{B3FFACF3-B833-4075-9472-08DF529640A6}.Release|x64.ActiveCfg = Release|Any CPU
		{B3FFACF3-B833-4075-9472-08DF529640A6}.Release|x64.Build.0 = Release|Any CPU
		{B3FFACF3-B833-4075-9472-08DF529640A6}.Release|x86.ActiveCfg = Release|Any CPU
		{B3FFACF3-B833-4075-9472-08DF529640A6}.Release|x86.Build.0 = Release|Any CPU
		{48B628E8-1149-406F-B4D5-59320A7341C7}.Debug|Any CPU.ActiveCfg = Debug|Any CPU
		{48B628E8-1149-406F-B4D5-59320A7341C7}.Debug|Any CPU.Build.0 = Debug|Any CPU
		{48B628E8-1149-406F-B4D5-59320A7341C7}.Debug|x64.ActiveCfg = Debug|Any CPU
		{48B628E8-1149-406F-B4D5-59320A7341C7}.Debug|x64.Build.0 = Debug|Any CPU
		{48B628E8-1149-406F-B4D5-59320A7341C7}.Debug|x86.ActiveCfg = Debug|Any CPU
		{48B628E8-1149-406F-B4D5-59320A7341C7}.Debug|x86.Build.0 = Debug|Any CPU
		{48B628E8-1149-406F-B4D5-59320A7341C7}.Release|Any CPU.ActiveCfg = Release|Any CPU
		{48B628E8-1149-406F-B4D5-59320A7341C7}.Release|Any CPU.Build.0 = Release|Any CPU
		{48B628E8-1149-406F-B4D5-59320A7341C7}.Release|x64.ActiveCfg = Release|Any CPU
		{48B628E8-1149-406F-B4D5-59320A7341C7}.Release|x64.Build.0 = Release|Any CPU
		{48B628E8-1149-406F-B4D5-59320A7341C7}.Release|x86.ActiveCfg = Release|Any CPU
		{48B628E8-1149-406F-B4D5-59320A7341C7}.Release|x86.Build.0 = Release|Any CPU
		{7BB3D16D-4676-4FB2-8082-82A6DFA28BE9}.Debug|Any CPU.ActiveCfg = Debug|Any CPU
		{7BB3D16D-4676-4FB2-8082-82A6DFA28BE9}.Debug|Any CPU.Build.0 = Debug|Any CPU
		{7BB3D16D-4676-4FB2-8082-82A6DFA28BE9}.Debug|x64.ActiveCfg = Debug|Any CPU
		{7BB3D16D-4676-4FB2-8082-82A6DFA28BE9}.Debug|x64.Build.0 = Debug|Any CPU
		{7BB3D16D-4676-4FB2-8082-82A6DFA28BE9}.Debug|x86.ActiveCfg = Debug|Any CPU
		{7BB3D16D-4676-4FB2-8082-82A6DFA28BE9}.Debug|x86.Build.0 = Debug|Any CPU
		{7BB3D16D-4676-4FB2-8082-82A6DFA28BE9}.Release|Any CPU.ActiveCfg = Release|Any CPU
		{7BB3D16D-4676-4FB2-8082-82A6DFA28BE9}.Release|Any CPU.Build.0 = Release|Any CPU
		{7BB3D16D-4676-4FB2-8082-82A6DFA28BE9}.Release|x64.ActiveCfg = Release|Any CPU
		{7BB3D16D-4676-4FB2-8082-82A6DFA28BE9}.Release|x64.Build.0 = Release|Any CPU
		{7BB3D16D-4676-4FB2-8082-82A6DFA28BE9}.Release|x86.ActiveCfg = Release|Any CPU
		{7BB3D16D-4676-4FB2-8082-82A6DFA28BE9}.Release|x86.Build.0 = Release|Any CPU
		{7C951C95-A3F1-4725-9FEC-07051B430AEE}.Debug|Any CPU.ActiveCfg = Debug|Any CPU
		{7C951C95-A3F1-4725-9FEC-07051B430AEE}.Debug|Any CPU.Build.0 = Debug|Any CPU
		{7C951C95-A3F1-4725-9FEC-07051B430AEE}.Debug|x64.ActiveCfg = Debug|Any CPU
		{7C951C95-A3F1-4725-9FEC-07051B430AEE}.Debug|x64.Build.0 = Debug|Any CPU
		{7C951C95-A3F1-4725-9FEC-07051B430AEE}.Debug|x86.ActiveCfg = Debug|Any CPU
		{7C951C95-A3F1-4725-9FEC-07051B430AEE}.Debug|x86.Build.0 = Debug|Any CPU
		{7C951C95-A3F1-4725-9FEC-07051B430AEE}.Release|Any CPU.ActiveCfg = Release|Any CPU
		{7C951C95-A3F1-4725-9FEC-07051B430AEE}.Release|Any CPU.Build.0 = Release|Any CPU
		{7C951C95-A3F1-4725-9FEC-07051B430AEE}.Release|x64.ActiveCfg = Release|Any CPU
		{7C951C95-A3F1-4725-9FEC-07051B430AEE}.Release|x64.Build.0 = Release|Any CPU
		{7C951C95-A3F1-4725-9FEC-07051B430AEE}.Release|x86.ActiveCfg = Release|Any CPU
		{7C951C95-A3F1-4725-9FEC-07051B430AEE}.Release|x86.Build.0 = Release|Any CPU
		{833519B0-2AAD-47AB-BE8C-A71E4257878E}.Debug|Any CPU.ActiveCfg = Debug|Any CPU
		{833519B0-2AAD-47AB-BE8C-A71E4257878E}.Debug|Any CPU.Build.0 = Debug|Any CPU
		{833519B0-2AAD-47AB-BE8C-A71E4257878E}.Debug|x64.ActiveCfg = Debug|Any CPU
		{833519B0-2AAD-47AB-BE8C-A71E4257878E}.Debug|x64.Build.0 = Debug|Any CPU
		{833519B0-2AAD-47AB-BE8C-A71E4257878E}.Debug|x86.ActiveCfg = Debug|Any CPU
		{833519B0-2AAD-47AB-BE8C-A71E4257878E}.Debug|x86.Build.0 = Debug|Any CPU
		{833519B0-2AAD-47AB-BE8C-A71E4257878E}.Release|Any CPU.ActiveCfg = Release|Any CPU
		{833519B0-2AAD-47AB-BE8C-A71E4257878E}.Release|Any CPU.Build.0 = Release|Any CPU
		{833519B0-2AAD-47AB-BE8C-A71E4257878E}.Release|x64.ActiveCfg = Release|Any CPU
		{833519B0-2AAD-47AB-BE8C-A71E4257878E}.Release|x64.Build.0 = Release|Any CPU
		{833519B0-2AAD-47AB-BE8C-A71E4257878E}.Release|x86.ActiveCfg = Release|Any CPU
		{833519B0-2AAD-47AB-BE8C-A71E4257878E}.Release|x86.Build.0 = Release|Any CPU
		{52260419-008D-449F-90C0-BD6880F4BFAF}.Debug|Any CPU.ActiveCfg = Debug|Any CPU
		{52260419-008D-449F-90C0-BD6880F4BFAF}.Debug|Any CPU.Build.0 = Debug|Any CPU
		{52260419-008D-449F-90C0-BD6880F4BFAF}.Debug|x64.ActiveCfg = Debug|Any CPU
		{52260419-008D-449F-90C0-BD6880F4BFAF}.Debug|x64.Build.0 = Debug|Any CPU
		{52260419-008D-449F-90C0-BD6880F4BFAF}.Debug|x86.ActiveCfg = Debug|Any CPU
		{52260419-008D-449F-90C0-BD6880F4BFAF}.Debug|x86.Build.0 = Debug|Any CPU
		{52260419-008D-449F-90C0-BD6880F4BFAF}.Release|Any CPU.ActiveCfg = Release|Any CPU
		{52260419-008D-449F-90C0-BD6880F4BFAF}.Release|Any CPU.Build.0 = Release|Any CPU
		{52260419-008D-449F-90C0-BD6880F4BFAF}.Release|x64.ActiveCfg = Release|Any CPU
		{52260419-008D-449F-90C0-BD6880F4BFAF}.Release|x64.Build.0 = Release|Any CPU
		{52260419-008D-449F-90C0-BD6880F4BFAF}.Release|x86.ActiveCfg = Release|Any CPU
		{52260419-008D-449F-90C0-BD6880F4BFAF}.Release|x86.Build.0 = Release|Any CPU
		{62CE1163-0DC1-4402-9CC0-D7E698DB95BB}.Debug|Any CPU.ActiveCfg = Debug|Any CPU
		{62CE1163-0DC1-4402-9CC0-D7E698DB95BB}.Debug|Any CPU.Build.0 = Debug|Any CPU
		{62CE1163-0DC1-4402-9CC0-D7E698DB95BB}.Debug|x64.ActiveCfg = Debug|Any CPU
		{62CE1163-0DC1-4402-9CC0-D7E698DB95BB}.Debug|x64.Build.0 = Debug|Any CPU
		{62CE1163-0DC1-4402-9CC0-D7E698DB95BB}.Debug|x86.ActiveCfg = Debug|Any CPU
		{62CE1163-0DC1-4402-9CC0-D7E698DB95BB}.Debug|x86.Build.0 = Debug|Any CPU
		{62CE1163-0DC1-4402-9CC0-D7E698DB95BB}.Release|Any CPU.ActiveCfg = Release|Any CPU
		{62CE1163-0DC1-4402-9CC0-D7E698DB95BB}.Release|Any CPU.Build.0 = Release|Any CPU
		{62CE1163-0DC1-4402-9CC0-D7E698DB95BB}.Release|x64.ActiveCfg = Release|Any CPU
		{62CE1163-0DC1-4402-9CC0-D7E698DB95BB}.Release|x64.Build.0 = Release|Any CPU
		{62CE1163-0DC1-4402-9CC0-D7E698DB95BB}.Release|x86.ActiveCfg = Release|Any CPU
		{62CE1163-0DC1-4402-9CC0-D7E698DB95BB}.Release|x86.Build.0 = Release|Any CPU
	EndGlobalSection
	GlobalSection(SolutionProperties) = preSolution
		HideSolutionNode = FALSE
	EndGlobalSection
	GlobalSection(NestedProjects) = preSolution
		{73841B15-975C-46ED-8341-47D122DAC32C} = {827E0CD3-B72D-47B6-A68D-7590B98EB39B}
		{B3FFACF3-B833-4075-9472-08DF529640A6} = {827E0CD3-B72D-47B6-A68D-7590B98EB39B}
		{48B628E8-1149-406F-B4D5-59320A7341C7} = {827E0CD3-B72D-47B6-A68D-7590B98EB39B}
		{7BB3D16D-4676-4FB2-8082-82A6DFA28BE9} = {827E0CD3-B72D-47B6-A68D-7590B98EB39B}
		{7C951C95-A3F1-4725-9FEC-07051B430AEE} = {827E0CD3-B72D-47B6-A68D-7590B98EB39B}
		{833519B0-2AAD-47AB-BE8C-A71E4257878E} = {0AB3BF05-4346-4AA6-1389-037BE0695223}
		{52260419-008D-449F-90C0-BD6880F4BFAF} = {0AB3BF05-4346-4AA6-1389-037BE0695223}
		{62CE1163-0DC1-4402-9CC0-D7E698DB95BB} = {0AB3BF05-4346-4AA6-1389-037BE0695223}
	EndGlobalSection
EndGlobal
