
Microsoft Visual Studio Solution File, Format Version 12.00
# Visual Studio Version 17
VisualStudioVersion = 17.0.31903.59
MinimumVisualStudioVersion = 10.0.40219.1
Project("{2150E333-8FDC-42A3-9474-1A3956D46DE8}") = "src", "src", "{827E0CD3-B72D-47B6-A68D-7590B98EB39B}"
EndProject
Project("{FAE04EC0-301F-11D3-BF4B-00C04F79EFBC}") = "Snake.Domain", "src\Snake.Domain\Snake.Domain.csproj", "{722D8FCB-58C6-429B-9C65-BD9621C053D1}"
EndProject
Project("{FAE04EC0-301F-11D3-BF4B-00C04F79EFBC}") = "Snake.Application", "src\Snake.Application\Snake.Application.csproj", "{8D4EEEFB-EBA3-45FA-9AB2-CB6E8BEC9811}"
EndProject
Project("{FAE04EC0-301F-11D3-BF4B-00C04F79EFBC}") = "Snake.Infrastructure", "src\Snake.Infrastructure\Snake.Infrastructure.csproj", "{E6770F57-C85E-4A7E-BAD6-70DEB571B9E5}"
EndProject
Project("{FAE04EC0-301F-11D3-BF4B-00C04F79EFBC}") = "Snake.Persistence", "src\Snake.Persistence\Snake.Persistence.csproj", "{84A35FA8-2F96-4238-B822-40A1E81A1720}"
EndProject
Project("{FAE04EC0-301F-11D3-BF4B-00C04F79EFBC}") = "Snake.API", "src\Snake.API\Snake.API.csproj", "{DA761BA0-6E85-4791-A9A4-EFD978997B27}"
EndProject
Project("{2150E333-8FDC-42A3-9474-1A3956D46DE8}") = "tests", "tests", "{0AB3BF05-4346-4AA6-1389-037BE0695223}"
EndProject
Project("{FAE04EC0-301F-11D3-BF4B-00C04F79EFBC}") = "Snake.UnitTests", "tests\Snake.UnitTests\Snake.UnitTests.csproj", "{AA032B6B-7FC2-452D-99F7-1FF4D5F38074}"
EndProject
Project("{FAE04EC0-301F-11D3-BF4B-00C04F79EFBC}") = "Snake.IntegrationTests", "tests\Snake.IntegrationTests\Snake.IntegrationTests.csproj", "{DA46C51F-3215-4694-BA7E-2570AE9FA3D9}"
EndProject
Project("{FAE04EC0-301F-11D3-BF4B-00C04F79EFBC}") = "Snake.FunctionalTests", "tests\Snake.FunctionalTests\Snake.FunctionalTests.csproj", "{476CDC13-11F6-4AC0-928F-203679647532}"
EndProject
Project("{FAE04EC0-301F-11D3-BF4B-00C04F79EFBC}") = "Snake.Web", "src\Snake.Web\Snake.Web.csproj", "{51D04643-5519-4D63-81C3-BA710D42567C}"
EndProject
Global
	GlobalSection(SolutionConfigurationPlatforms) = preSolution
		Debug|Any CPU = Debug|Any CPU
		Debug|x64 = Debug|x64
		Debug|x86 = Debug|x86
		Release|Any CPU = Release|Any CPU
		Release|x64 = Release|x64
		Release|x86 = Release|x86
	EndGlobalSection
	GlobalSection(ProjectConfigurationPlatforms) = postSolution
		{722D8FCB-58C6-429B-9C65-BD9621C053D1}.Debug|Any CPU.ActiveCfg = Debug|Any CPU
		{722D8FCB-58C6-429B-9C65-BD9621C053D1}.Debug|Any CPU.Build.0 = Debug|Any CPU
		{722D8FCB-58C6-429B-9C65-BD9621C053D1}.Debug|x64.ActiveCfg = Debug|Any CPU
		{722D8FCB-58C6-429B-9C65-BD9621C053D1}.Debug|x64.Build.0 = Debug|Any CPU
		{722D8FCB-58C6-429B-9C65-BD9621C053D1}.Debug|x86.ActiveCfg = Debug|Any CPU
		{722D8FCB-58C6-429B-9C65-BD9621C053D1}.Debug|x86.Build.0 = Debug|Any CPU
		{722D8FCB-58C6-429B-9C65-BD9621C053D1}.Release|Any CPU.ActiveCfg = Release|Any CPU
		{722D8FCB-58C6-429B-9C65-BD9621C053D1}.Release|Any CPU.Build.0 = Release|Any CPU
		{722D8FCB-58C6-429B-9C65-BD9621C053D1}.Release|x64.ActiveCfg = Release|Any CPU
		{722D8FCB-58C6-429B-9C65-BD9621C053D1}.Release|x64.Build.0 = Release|Any CPU
		{722D8FCB-58C6-429B-9C65-BD9621C053D1}.Release|x86.ActiveCfg = Release|Any CPU
		{722D8FCB-58C6-429B-9C65-BD9621C053D1}.Release|x86.Build.0 = Release|Any CPU
		{8D4EEEFB-EBA3-45FA-9AB2-CB6E8BEC9811}.Debug|Any CPU.ActiveCfg = Debug|Any CPU
		{8D4EEEFB-EBA3-45FA-9AB2-CB6E8BEC9811}.Debug|Any CPU.Build.0 = Debug|Any CPU
		{8D4EEEFB-EBA3-45FA-9AB2-CB6E8BEC9811}.Debug|x64.ActiveCfg = Debug|Any CPU
		{8D4EEEFB-EBA3-45FA-9AB2-CB6E8BEC9811}.Debug|x64.Build.0 = Debug|Any CPU
		{8D4EEEFB-EBA3-45FA-9AB2-CB6E8BEC9811}.Debug|x86.ActiveCfg = Debug|Any CPU
		{8D4EEEFB-EBA3-45FA-9AB2-CB6E8BEC9811}.Debug|x86.Build.0 = Debug|Any CPU
		{8D4EEEFB-EBA3-45FA-9AB2-CB6E8BEC9811}.Release|Any CPU.ActiveCfg = Release|Any CPU
		{8D4EEEFB-EBA3-45FA-9AB2-CB6E8BEC9811}.Release|Any CPU.Build.0 = Release|Any CPU
		{8D4EEEFB-EBA3-45FA-9AB2-CB6E8BEC9811}.Release|x64.ActiveCfg = Release|Any CPU
		{8D4EEEFB-EBA3-45FA-9AB2-CB6E8BEC9811}.Release|x64.Build.0 = Release|Any CPU
		{8D4EEEFB-EBA3-45FA-9AB2-CB6E8BEC9811}.Release|x86.ActiveCfg = Release|Any CPU
		{8D4EEEFB-EBA3-45FA-9AB2-CB6E8BEC9811}.Release|x86.Build.0 = Release|Any CPU
		{E6770F57-C85E-4A7E-BAD6-70DEB571B9E5}.Debug|Any CPU.ActiveCfg = Debug|Any CPU
		{E6770F57-C85E-4A7E-BAD6-70DEB571B9E5}.Debug|Any CPU.Build.0 = Debug|Any CPU
		{E6770F57-C85E-4A7E-BAD6-70DEB571B9E5}.Debug|x64.ActiveCfg = Debug|Any CPU
		{E6770F57-C85E-4A7E-BAD6-70DEB571B9E5}.Debug|x64.Build.0 = Debug|Any CPU
		{E6770F57-C85E-4A7E-BAD6-70DEB571B9E5}.Debug|x86.ActiveCfg = Debug|Any CPU
		{E6770F57-C85E-4A7E-BAD6-70DEB571B9E5}.Debug|x86.Build.0 = Debug|Any CPU
		{E6770F57-C85E-4A7E-BAD6-70DEB571B9E5}.Release|Any CPU.ActiveCfg = Release|Any CPU
		{E6770F57-C85E-4A7E-BAD6-70DEB571B9E5}.Release|Any CPU.Build.0 = Release|Any CPU
		{E6770F57-C85E-4A7E-BAD6-70DEB571B9E5}.Release|x64.ActiveCfg = Release|Any CPU
		{E6770F57-C85E-4A7E-BAD6-70DEB571B9E5}.Release|x64.Build.0 = Release|Any CPU
		{E6770F57-C85E-4A7E-BAD6-70DEB571B9E5}.Release|x86.ActiveCfg = Release|Any CPU
		{E6770F57-C85E-4A7E-BAD6-70DEB571B9E5}.Release|x86.Build.0 = Release|Any CPU
		{84A35FA8-2F96-4238-B822-40A1E81A1720}.Debug|Any CPU.ActiveCfg = Debug|Any CPU
		{84A35FA8-2F96-4238-B822-40A1E81A1720}.Debug|Any CPU.Build.0 = Debug|Any CPU
		{84A35FA8-2F96-4238-B822-40A1E81A1720}.Debug|x64.ActiveCfg = Debug|Any CPU
		{84A35FA8-2F96-4238-B822-40A1E81A1720}.Debug|x64.Build.0 = Debug|Any CPU
		{84A35FA8-2F96-4238-B822-40A1E81A1720}.Debug|x86.ActiveCfg = Debug|Any CPU
		{84A35FA8-2F96-4238-B822-40A1E81A1720}.Debug|x86.Build.0 = Debug|Any CPU
		{84A35FA8-2F96-4238-B822-40A1E81A1720}.Release|Any CPU.ActiveCfg = Release|Any CPU
		{84A35FA8-2F96-4238-B822-40A1E81A1720}.Release|Any CPU.Build.0 = Release|Any CPU
		{84A35FA8-2F96-4238-B822-40A1E81A1720}.Release|x64.ActiveCfg = Release|Any CPU
		{84A35FA8-2F96-4238-B822-40A1E81A1720}.Release|x64.Build.0 = Release|Any CPU
		{84A35FA8-2F96-4238-B822-40A1E81A1720}.Release|x86.ActiveCfg = Release|Any CPU
		{84A35FA8-2F96-4238-B822-40A1E81A1720}.Release|x86.Build.0 = Release|Any CPU
		{DA761BA0-6E85-4791-A9A4-EFD978997B27}.Debug|Any CPU.ActiveCfg = Debug|Any CPU
		{DA761BA0-6E85-4791-A9A4-EFD978997B27}.Debug|Any CPU.Build.0 = Debug|Any CPU
		{DA761BA0-6E85-4791-A9A4-EFD978997B27}.Debug|x64.ActiveCfg = Debug|Any CPU
		{DA761BA0-6E85-4791-A9A4-EFD978997B27}.Debug|x64.Build.0 = Debug|Any CPU
		{DA761BA0-6E85-4791-A9A4-EFD978997B27}.Debug|x86.ActiveCfg = Debug|Any CPU
		{DA761BA0-6E85-4791-A9A4-EFD978997B27}.Debug|x86.Build.0 = Debug|Any CPU
		{DA761BA0-6E85-4791-A9A4-EFD978997B27}.Release|Any CPU.ActiveCfg = Release|Any CPU
		{DA761BA0-6E85-4791-A9A4-EFD978997B27}.Release|Any CPU.Build.0 = Release|Any CPU
		{DA761BA0-6E85-4791-A9A4-EFD978997B27}.Release|x64.ActiveCfg = Release|Any CPU
		{DA761BA0-6E85-4791-A9A4-EFD978997B27}.Release|x64.Build.0 = Release|Any CPU
		{DA761BA0-6E85-4791-A9A4-EFD978997B27}.Release|x86.ActiveCfg = Release|Any CPU
		{DA761BA0-6E85-4791-A9A4-EFD978997B27}.Release|x86.Build.0 = Release|Any CPU
		{AA032B6B-7FC2-452D-99F7-1FF4D5F38074}.Debug|Any CPU.ActiveCfg = Debug|Any CPU
		{AA032B6B-7FC2-452D-99F7-1FF4D5F38074}.Debug|Any CPU.Build.0 = Debug|Any CPU
		{AA032B6B-7FC2-452D-99F7-1FF4D5F38074}.Debug|x64.ActiveCfg = Debug|Any CPU
		{AA032B6B-7FC2-452D-99F7-1FF4D5F38074}.Debug|x64.Build.0 = Debug|Any CPU
		{AA032B6B-7FC2-452D-99F7-1FF4D5F38074}.Debug|x86.ActiveCfg = Debug|Any CPU
		{AA032B6B-7FC2-452D-99F7-1FF4D5F38074}.Debug|x86.Build.0 = Debug|Any CPU
		{AA032B6B-7FC2-452D-99F7-1FF4D5F38074}.Release|Any CPU.ActiveCfg = Release|Any CPU
		{AA032B6B-7FC2-452D-99F7-1FF4D5F38074}.Release|Any CPU.Build.0 = Release|Any CPU
		{AA032B6B-7FC2-452D-99F7-1FF4D5F38074}.Release|x64.ActiveCfg = Release|Any CPU
		{AA032B6B-7FC2-452D-99F7-1FF4D5F38074}.Release|x64.Build.0 = Release|Any CPU
		{AA032B6B-7FC2-452D-99F7-1FF4D5F38074}.Release|x86.ActiveCfg = Release|Any CPU
		{AA032B6B-7FC2-452D-99F7-1FF4D5F38074}.Release|x86.Build.0 = Release|Any CPU
		{DA46C51F-3215-4694-BA7E-2570AE9FA3D9}.Debug|Any CPU.ActiveCfg = Debug|Any CPU
		{DA46C51F-3215-4694-BA7E-2570AE9FA3D9}.Debug|Any CPU.Build.0 = Debug|Any CPU
		{DA46C51F-3215-4694-BA7E-2570AE9FA3D9}.Debug|x64.ActiveCfg = Debug|Any CPU
		{DA46C51F-3215-4694-BA7E-2570AE9FA3D9}.Debug|x64.Build.0 = Debug|Any CPU
		{DA46C51F-3215-4694-BA7E-2570AE9FA3D9}.Debug|x86.ActiveCfg = Debug|Any CPU
		{DA46C51F-3215-4694-BA7E-2570AE9FA3D9}.Debug|x86.Build.0 = Debug|Any CPU
		{DA46C51F-3215-4694-BA7E-2570AE9FA3D9}.Release|Any CPU.ActiveCfg = Release|Any CPU
		{DA46C51F-3215-4694-BA7E-2570AE9FA3D9}.Release|Any CPU.Build.0 = Release|Any CPU
		{DA46C51F-3215-4694-BA7E-2570AE9FA3D9}.Release|x64.ActiveCfg = Release|Any CPU
		{DA46C51F-3215-4694-BA7E-2570AE9FA3D9}.Release|x64.Build.0 = Release|Any CPU
		{DA46C51F-3215-4694-BA7E-2570AE9FA3D9}.Release|x86.ActiveCfg = Release|Any CPU
		{DA46C51F-3215-4694-BA7E-2570AE9FA3D9}.Release|x86.Build.0 = Release|Any CPU
		{476CDC13-11F6-4AC0-928F-203679647532}.Debug|Any CPU.ActiveCfg = Debug|Any CPU
		{476CDC13-11F6-4AC0-928F-203679647532}.Debug|Any CPU.Build.0 = Debug|Any CPU
		{476CDC13-11F6-4AC0-928F-203679647532}.Debug|x64.ActiveCfg = Debug|Any CPU
		{476CDC13-11F6-4AC0-928F-203679647532}.Debug|x64.Build.0 = Debug|Any CPU
		{476CDC13-11F6-4AC0-928F-203679647532}.Debug|x86.ActiveCfg = Debug|Any CPU
		{476CDC13-11F6-4AC0-928F-203679647532}.Debug|x86.Build.0 = Debug|Any CPU
		{476CDC13-11F6-4AC0-928F-203679647532}.Release|Any CPU.ActiveCfg = Release|Any CPU
		{476CDC13-11F6-4AC0-928F-203679647532}.Release|Any CPU.Build.0 = Release|Any CPU
		{476CDC13-11F6-4AC0-928F-203679647532}.Release|x64.ActiveCfg = Release|Any CPU
		{476CDC13-11F6-4AC0-928F-203679647532}.Release|x64.Build.0 = Release|Any CPU
		{476CDC13-11F6-4AC0-928F-203679647532}.Release|x86.ActiveCfg = Release|Any CPU
		{476CDC13-11F6-4AC0-928F-203679647532}.Release|x86.Build.0 = Release|Any CPU
		{51D04643-5519-4D63-81C3-BA710D42567C}.Debug|Any CPU.ActiveCfg = Debug|Any CPU
		{51D04643-5519-4D63-81C3-BA710D42567C}.Debug|Any CPU.Build.0 = Debug|Any CPU
		{51D04643-5519-4D63-81C3-BA710D42567C}.Debug|x64.ActiveCfg = Debug|Any CPU
		{51D04643-5519-4D63-81C3-BA710D42567C}.Debug|x64.Build.0 = Debug|Any CPU
		{51D04643-5519-4D63-81C3-BA710D42567C}.Debug|x86.ActiveCfg = Debug|Any CPU
		{51D04643-5519-4D63-81C3-BA710D42567C}.Debug|x86.Build.0 = Debug|Any CPU
		{51D04643-5519-4D63-81C3-BA710D42567C}.Release|Any CPU.ActiveCfg = Release|Any CPU
		{51D04643-5519-4D63-81C3-BA710D42567C}.Release|Any CPU.Build.0 = Release|Any CPU
		{51D04643-5519-4D63-81C3-BA710D42567C}.Release|x64.ActiveCfg = Release|Any CPU
		{51D04643-5519-4D63-81C3-BA710D42567C}.Release|x64.Build.0 = Release|Any CPU
		{51D04643-5519-4D63-81C3-BA710D42567C}.Release|x86.ActiveCfg = Release|Any CPU
		{51D04643-5519-4D63-81C3-BA710D42567C}.Release|x86.Build.0 = Release|Any CPU
	EndGlobalSection
	GlobalSection(SolutionProperties) = preSolution
		HideSolutionNode = FALSE
	EndGlobalSection
	GlobalSection(NestedProjects) = preSolution
		{722D8FCB-58C6-429B-9C65-BD9621C053D1} = {827E0CD3-B72D-47B6-A68D-7590B98EB39B}
		{8D4EEEFB-EBA3-45FA-9AB2-CB6E8BEC9811} = {827E0CD3-B72D-47B6-A68D-7590B98EB39B}
		{E6770F57-C85E-4A7E-BAD6-70DEB571B9E5} = {827E0CD3-B72D-47B6-A68D-7590B98EB39B}
		{84A35FA8-2F96-4238-B822-40A1E81A1720} = {827E0CD3-B72D-47B6-A68D-7590B98EB39B}
		{DA761BA0-6E85-4791-A9A4-EFD978997B27} = {827E0CD3-B72D-47B6-A68D-7590B98EB39B}
		{AA032B6B-7FC2-452D-99F7-1FF4D5F38074} = {0AB3BF05-4346-4AA6-1389-037BE0695223}
		{DA46C51F-3215-4694-BA7E-2570AE9FA3D9} = {0AB3BF05-4346-4AA6-1389-037BE0695223}
		{476CDC13-11F6-4AC0-928F-203679647532} = {0AB3BF05-4346-4AA6-1389-037BE0695223}
		{51D04643-5519-4D63-81C3-BA710D42567C} = {827E0CD3-B72D-47B6-A68D-7590B98EB39B}
	EndGlobalSection
EndGlobal
